// !$*UTF8*$!
{
	archiveVersion = 1;
	classes = {
	};
	objectVersion = 50;
	objects = {

/* Begin PBXBuildFile section */
		D97432E423366ED800DFB3DC /* AppDelegate.swift in Sources */ = {isa = PBXBuildFile; fileRef = D97432E323366ED800DFB3DC /* AppDelegate.swift */; };
		D97432E623366ED800DFB3DC /* SceneDelegate.swift in Sources */ = {isa = PBXBuildFile; fileRef = D97432E523366ED800DFB3DC /* SceneDelegate.swift */; };
		D97432E823366ED800DFB3DC /* ViewController.swift in Sources */ = {isa = PBXBuildFile; fileRef = D97432E723366ED800DFB3DC /* ViewController.swift */; };
		D97432EB23366ED800DFB3DC /* Main.storyboard in Resources */ = {isa = PBXBuildFile; fileRef = D97432E923366ED800DFB3DC /* Main.storyboard */; };
		D97432EE23366ED800DFB3DC /* MovieApp.xcdatamodeld in Sources */ = {isa = PBXBuildFile; fileRef = D97432EC23366ED800DFB3DC /* MovieApp.xcdatamodeld */; };
		D97432F023366EDB00DFB3DC /* Assets.xcassets in Resources */ = {isa = PBXBuildFile; fileRef = D97432EF23366EDB00DFB3DC /* Assets.xcassets */; };
		D97432F323366EDB00DFB3DC /* LaunchScreen.storyboard in Resources */ = {isa = PBXBuildFile; fileRef = D97432F123366EDB00DFB3DC /* LaunchScreen.storyboard */; };
		D97432FE23366EDB00DFB3DC /* MovieAppTests.swift in Sources */ = {isa = PBXBuildFile; fileRef = D97432FD23366EDB00DFB3DC /* MovieAppTests.swift */; };
		D974330923366EDB00DFB3DC /* MovieAppUITests.swift in Sources */ = {isa = PBXBuildFile; fileRef = D974330823366EDB00DFB3DC /* MovieAppUITests.swift */; };
/* End PBXBuildFile section */

/* Begin PBXContainerItemProxy section */
		D97432FA23366EDB00DFB3DC /* PBXContainerItemProxy */ = {
			isa = PBXContainerItemProxy;
			containerPortal = D97432D823366ED800DFB3DC /* Project object */;
			proxyType = 1;
			remoteGlobalIDString = D97432DF23366ED800DFB3DC;
			remoteInfo = MovieApp;
		};
		D974330523366EDB00DFB3DC /* PBXContainerItemProxy */ = {
			isa = PBXContainerItemProxy;
			containerPortal = D97432D823366ED800DFB3DC /* Project object */;
			proxyType = 1;
			remoteGlobalIDString = D97432DF23366ED800DFB3DC;
			remoteInfo = MovieApp;
		};
/* End PBXContainerItemProxy section */

/* Begin PBXFileReference section */
		D97432E023366ED800DFB3DC /* MovieApp.app */ = {isa = PBXFileReference; explicitFileType = wrapper.application; includeInIndex = 0; path = MovieApp.app; sourceTree = BUILT_PRODUCTS_DIR; };
		D97432E323366ED800DFB3DC /* AppDelegate.swift */ = {isa = PBXFileReference; lastKnownFileType = sourcecode.swift; path = AppDelegate.swift; sourceTree = "<group>"; };
		D97432E523366ED800DFB3DC /* SceneDelegate.swift */ = {isa = PBXFileReference; lastKnownFileType = sourcecode.swift; path = SceneDelegate.swift; sourceTree = "<group>"; };
		D97432E723366ED800DFB3DC /* ViewController.swift */ = {isa = PBXFileReference; lastKnownFileType = sourcecode.swift; path = ViewController.swift; sourceTree = "<group>"; };
		D97432EA23366ED800DFB3DC /* Base */ = {isa = PBXFileReference; lastKnownFileType = file.storyboard; name = Base; path = Base.lproj/Main.storyboard; sourceTree = "<group>"; };
		D97432ED23366ED800DFB3DC /* MovieApp.xcdatamodel */ = {isa = PBXFileReference; lastKnownFileType = wrapper.xcdatamodel; path = MovieApp.xcdatamodel; sourceTree = "<group>"; };
		D97432EF23366EDB00DFB3DC /* Assets.xcassets */ = {isa = PBXFileReference; lastKnownFileType = folder.assetcatalog; path = Assets.xcassets; sourceTree = "<group>"; };
		D97432F223366EDB00DFB3DC /* Base */ = {isa = PBXFileReference; lastKnownFileType = file.storyboard; name = Base; path = Base.lproj/LaunchScreen.storyboard; sourceTree = "<group>"; };
		D97432F423366EDB00DFB3DC /* Info.plist */ = {isa = PBXFileReference; lastKnownFileType = text.plist.xml; path = Info.plist; sourceTree = "<group>"; };
		D97432F923366EDB00DFB3DC /* MovieAppTests.xctest */ = {isa = PBXFileReference; explicitFileType = wrapper.cfbundle; includeInIndex = 0; path = MovieAppTests.xctest; sourceTree = BUILT_PRODUCTS_DIR; };
		D97432FD23366EDB00DFB3DC /* MovieAppTests.swift */ = {isa = PBXFileReference; lastKnownFileType = sourcecode.swift; path = MovieAppTests.swift; sourceTree = "<group>"; };
		D97432FF23366EDB00DFB3DC /* Info.plist */ = {isa = PBXFileReference; lastKnownFileType = text.plist.xml; path = Info.plist; sourceTree = "<group>"; };
		D974330423366EDB00DFB3DC /* MovieAppUITests.xctest */ = {isa = PBXFileReference; explicitFileType = wrapper.cfbundle; includeInIndex = 0; path = MovieAppUITests.xctest; sourceTree = BUILT_PRODUCTS_DIR; };
		D974330823366EDB00DFB3DC /* MovieAppUITests.swift */ = {isa = PBXFileReference; lastKnownFileType = sourcecode.swift; path = MovieAppUITests.swift; sourceTree = "<group>"; };
		D974330A23366EDB00DFB3DC /* Info.plist */ = {isa = PBXFileReference; lastKnownFileType = text.plist.xml; path = Info.plist; sourceTree = "<group>"; };
/* End PBXFileReference section */

/* Begin PBXFrameworksBuildPhase section */
		D97432DD23366ED800DFB3DC /* Frameworks */ = {
			isa = PBXFrameworksBuildPhase;
			buildActionMask = 2147483647;
			files = (
			);
			runOnlyForDeploymentPostprocessing = 0;
		};
		D97432F623366EDB00DFB3DC /* Frameworks */ = {
			isa = PBXFrameworksBuildPhase;
			buildActionMask = 2147483647;
			files = (
			);
			runOnlyForDeploymentPostprocessing = 0;
		};
		D974330123366EDB00DFB3DC /* Frameworks */ = {
			isa = PBXFrameworksBuildPhase;
			buildActionMask = 2147483647;
			files = (
			);
			runOnlyForDeploymentPostprocessing = 0;
		};
/* End PBXFrameworksBuildPhase section */

/* Begin PBXGroup section */
		D97432D723366ED800DFB3DC = {
			isa = PBXGroup;
			children = (
				D97432E223366ED800DFB3DC /* MovieApp */,
				D97432FC23366EDB00DFB3DC /* MovieAppTests */,
				D974330723366EDB00DFB3DC /* MovieAppUITests */,
				D97432E123366ED800DFB3DC /* Products */,
			);
			sourceTree = "<group>";
		};
		D97432E123366ED800DFB3DC /* Products */ = {
			isa = PBXGroup;
			children = (
				D97432E023366ED800DFB3DC /* MovieApp.app */,
				D97432F923366EDB00DFB3DC /* MovieAppTests.xctest */,
				D974330423366EDB00DFB3DC /* MovieAppUITests.xctest */,
			);
			name = Products;
			sourceTree = "<group>";
		};
		D97432E223366ED800DFB3DC /* MovieApp */ = {
			isa = PBXGroup;
			children = (
				D97432E323366ED800DFB3DC /* AppDelegate.swift */,
				D97432E523366ED800DFB3DC /* SceneDelegate.swift */,
				D97432E723366ED800DFB3DC /* ViewController.swift */,
				D97432E923366ED800DFB3DC /* Main.storyboard */,
				D97432EF23366EDB00DFB3DC /* Assets.xcassets */,
				D97432F123366EDB00DFB3DC /* LaunchScreen.storyboard */,
				D97432F423366EDB00DFB3DC /* Info.plist */,
				D97432EC23366ED800DFB3DC /* MovieApp.xcdatamodeld */,
			);
			path = MovieApp;
			sourceTree = "<group>";
		};
		D97432FC23366EDB00DFB3DC /* MovieAppTests */ = {
			isa = PBXGroup;
			children = (
				D97432FD23366EDB00DFB3DC /* MovieAppTests.swift */,
				D97432FF23366EDB00DFB3DC /* Info.plist */,
			);
			path = MovieAppTests;
			sourceTree = "<group>";
		};
		D974330723366EDB00DFB3DC /* MovieAppUITests */ = {
			isa = PBXGroup;
			children = (
				D974330823366EDB00DFB3DC /* MovieAppUITests.swift */,
				D974330A23366EDB00DFB3DC /* Info.plist */,
			);
			path = MovieAppUITests;
			sourceTree = "<group>";
		};
/* End PBXGroup section */

/* Begin PBXNativeTarget section */
		D97432DF23366ED800DFB3DC /* MovieApp */ = {
			isa = PBXNativeTarget;
			buildConfigurationList = D974330D23366EDB00DFB3DC /* Build configuration list for PBXNativeTarget "MovieApp" */;
			buildPhases = (
				D97432DC23366ED800DFB3DC /* Sources */,
				D97432DD23366ED800DFB3DC /* Frameworks */,
				D97432DE23366ED800DFB3DC /* Resources */,
			);
			buildRules = (
			);
			dependencies = (
			);
			name = MovieApp;
			productName = MovieApp;
			productReference = D97432E023366ED800DFB3DC /* MovieApp.app */;
			productType = "com.apple.product-type.application";
		};
		D97432F823366EDB00DFB3DC /* MovieAppTests */ = {
			isa = PBXNativeTarget;
			buildConfigurationList = D974331023366EDB00DFB3DC /* Build configuration list for PBXNativeTarget "MovieAppTests" */;
			buildPhases = (
				D97432F523366EDB00DFB3DC /* Sources */,
				D97432F623366EDB00DFB3DC /* Frameworks */,
				D97432F723366EDB00DFB3DC /* Resources */,
			);
			buildRules = (
			);
			dependencies = (
				D97432FB23366EDB00DFB3DC /* PBXTargetDependency */,
			);
			name = MovieAppTests;
			productName = MovieAppTests;
			productReference = D97432F923366EDB00DFB3DC /* MovieAppTests.xctest */;
			productType = "com.apple.product-type.bundle.unit-test";
		};
		D974330323366EDB00DFB3DC /* MovieAppUITests */ = {
			isa = PBXNativeTarget;
			buildConfigurationList = D974331323366EDB00DFB3DC /* Build configuration list for PBXNativeTarget "MovieAppUITests" */;
			buildPhases = (
				D974330023366EDB00DFB3DC /* Sources */,
				D974330123366EDB00DFB3DC /* Frameworks */,
				D974330223366EDB00DFB3DC /* Resources */,
			);
			buildRules = (
			);
			dependencies = (
				D974330623366EDB00DFB3DC /* PBXTargetDependency */,
			);
			name = MovieAppUITests;
			productName = MovieAppUITests;
			productReference = D974330423366EDB00DFB3DC /* MovieAppUITests.xctest */;
			productType = "com.apple.product-type.bundle.ui-testing";
		};
/* End PBXNativeTarget section */

/* Begin PBXProject section */
		D97432D823366ED800DFB3DC /* Project object */ = {
			isa = PBXProject;
			attributes = {
				LastSwiftUpdateCheck = 1100;
				LastUpgradeCheck = 1100;
				TargetAttributes = {
					D97432DF23366ED800DFB3DC = {
						CreatedOnToolsVersion = 11.0;
					};
					D97432F823366EDB00DFB3DC = {
						CreatedOnToolsVersion = 11.0;
						TestTargetID = D97432DF23366ED800DFB3DC;
					};
					D974330323366EDB00DFB3DC = {
						CreatedOnToolsVersion = 11.0;
						TestTargetID = D97432DF23366ED800DFB3DC;
					};
				};
			};
			buildConfigurationList = D97432DB23366ED800DFB3DC /* Build configuration list for PBXProject "MovieApp" */;
			compatibilityVersion = "Xcode 9.3";
			developmentRegion = en;
			hasScannedForEncodings = 0;
			knownRegions = (
				en,
				Base,
			);
			mainGroup = D97432D723366ED800DFB3DC;
			productRefGroup = D97432E123366ED800DFB3DC /* Products */;
			projectDirPath = "";
			projectRoot = "";
			targets = (
				D97432DF23366ED800DFB3DC /* MovieApp */,
				D97432F823366EDB00DFB3DC /* MovieAppTests */,
				D974330323366EDB00DFB3DC /* MovieAppUITests */,
			);
		};
/* End PBXProject section */

/* Begin PBXResourcesBuildPhase section */
		D97432DE23366ED800DFB3DC /* Resources */ = {
			isa = PBXResourcesBuildPhase;
			buildActionMask = 2147483647;
			files = (
				D97432F323366EDB00DFB3DC /* LaunchScreen.storyboard in Resources */,
				D97432F023366EDB00DFB3DC /* Assets.xcassets in Resources */,
				D97432EB23366ED800DFB3DC /* Main.storyboard in Resources */,
			);
			runOnlyForDeploymentPostprocessing = 0;
		};
		D97432F723366EDB00DFB3DC /* Resources */ = {
			isa = PBXResourcesBuildPhase;
			buildActionMask = 2147483647;
			files = (
			);
			runOnlyForDeploymentPostprocessing = 0;
		};
		D974330223366EDB00DFB3DC /* Resources */ = {
			isa = PBXResourcesBuildPhase;
			buildActionMask = 2147483647;
			files = (
			);
			runOnlyForDeploymentPostprocessing = 0;
		};
/* End PBXResourcesBuildPhase section */

/* Begin PBXSourcesBuildPhase section */
		D97432DC23366ED800DFB3DC /* Sources */ = {
			isa = PBXSourcesBuildPhase;
			buildActionMask = 2147483647;
			files = (
				D97432E823366ED800DFB3DC /* ViewController.swift in Sources */,
				D97432E423366ED800DFB3DC /* AppDelegate.swift in Sources */,
				D97432EE23366ED800DFB3DC /* MovieApp.xcdatamodeld in Sources */,
				D97432E623366ED800DFB3DC /* SceneDelegate.swift in Sources */,
			);
			runOnlyForDeploymentPostprocessing = 0;
		};
		D97432F523366EDB00DFB3DC /* Sources */ = {
			isa = PBXSourcesBuildPhase;
			buildActionMask = 2147483647;
			files = (
				D97432FE23366EDB00DFB3DC /* MovieAppTests.swift in Sources */,
			);
			runOnlyForDeploymentPostprocessing = 0;
		};
		D974330023366EDB00DFB3DC /* Sources */ = {
			isa = PBXSourcesBuildPhase;
			buildActionMask = 2147483647;
			files = (
				D974330923366EDB00DFB3DC /* MovieAppUITests.swift in Sources */,
			);
			runOnlyForDeploymentPostprocessing = 0;
		};
/* End PBXSourcesBuildPhase section */

/* Begin PBXTargetDependency section */
		D97432FB23366EDB00DFB3DC /* PBXTargetDependency */ = {
			isa = PBXTargetDependency;
			target = D97432DF23366ED800DFB3DC /* MovieApp */;
			targetProxy = D97432FA23366EDB00DFB3DC /* PBXContainerItemProxy */;
		};
		D974330623366EDB00DFB3DC /* PBXTargetDependency */ = {
			isa = PBXTargetDependency;
			target = D97432DF23366ED800DFB3DC /* MovieApp */;
			targetProxy = D974330523366EDB00DFB3DC /* PBXContainerItemProxy */;
		};
/* End PBXTargetDependency section */

/* Begin PBXVariantGroup section */
		D97432E923366ED800DFB3DC /* Main.storyboard */ = {
			isa = PBXVariantGroup;
			children = (
				D97432EA23366ED800DFB3DC /* Base */,
			);
			name = Main.storyboard;
			sourceTree = "<group>";
		};
		D97432F123366EDB00DFB3DC /* LaunchScreen.storyboard */ = {
			isa = PBXVariantGroup;
			children = (
				D97432F223366EDB00DFB3DC /* Base */,
			);
			name = LaunchScreen.storyboard;
			sourceTree = "<group>";
		};
/* End PBXVariantGroup section */

/* Begin XCBuildConfiguration section */
		D974330B23366EDB00DFB3DC /* Debug */ = {
			isa = XCBuildConfiguration;
			buildSettings = {
				ALWAYS_SEARCH_USER_PATHS = NO;
				CLANG_ANALYZER_NONNULL = YES;
				CLANG_ANALYZER_NUMBER_OBJECT_CONVERSION = YES_AGGRESSIVE;
				CLANG_CXX_LANGUAGE_STANDARD = "gnu++14";
				CLANG_CXX_LIBRARY = "libc++";
				CLANG_ENABLE_MODULES = YES;
				CLANG_ENABLE_OBJC_ARC = YES;
				CLANG_ENABLE_OBJC_WEAK = YES;
				CLANG_WARN_BLOCK_CAPTURE_AUTORELEASING = YES;
				CLANG_WARN_BOOL_CONVERSION = YES;
				CLANG_WARN_COMMA = YES;
				CLANG_WARN_CONSTANT_CONVERSION = YES;
				CLANG_WARN_DEPRECATED_OBJC_IMPLEMENTATIONS = YES;
				CLANG_WARN_DIRECT_OBJC_ISA_USAGE = YES_ERROR;
				CLANG_WARN_DOCUMENTATION_COMMENTS = YES;
				CLANG_WARN_EMPTY_BODY = YES;
				CLANG_WARN_ENUM_CONVERSION = YES;
				CLANG_WARN_INFINITE_RECURSION = YES;
				CLANG_WARN_INT_CONVERSION = YES;
				CLANG_WARN_NON_LITERAL_NULL_CONVERSION = YES;
				CLANG_WARN_OBJC_IMPLICIT_RETAIN_SELF = YES;
				CLANG_WARN_OBJC_LITERAL_CONVERSION = YES;
				CLANG_WARN_OBJC_ROOT_CLASS = YES_ERROR;
				CLANG_WARN_RANGE_LOOP_ANALYSIS = YES;
				CLANG_WARN_STRICT_PROTOTYPES = YES;
				CLANG_WARN_SUSPICIOUS_MOVE = YES;
				CLANG_WARN_UNGUARDED_AVAILABILITY = YES_AGGRESSIVE;
				CLANG_WARN_UNREACHABLE_CODE = YES;
				CLANG_WARN__DUPLICATE_METHOD_MATCH = YES;
				COPY_PHASE_STRIP = NO;
				DEBUG_INFORMATION_FORMAT = dwarf;
				ENABLE_STRICT_OBJC_MSGSEND = YES;
				ENABLE_TESTABILITY = YES;
				GCC_C_LANGUAGE_STANDARD = gnu11;
				GCC_DYNAMIC_NO_PIC = NO;
				GCC_NO_COMMON_BLOCKS = YES;
				GCC_OPTIMIZATION_LEVEL = 0;
				GCC_PREPROCESSOR_DEFINITIONS = (
					"DEBUG=1",
					"$(inherited)",
				);
				GCC_WARN_64_TO_32_BIT_CONVERSION = YES;
				GCC_WARN_ABOUT_RETURN_TYPE = YES_ERROR;
				GCC_WARN_UNDECLARED_SELECTOR = YES;
				GCC_WARN_UNINITIALIZED_AUTOS = YES_AGGRESSIVE;
				GCC_WARN_UNUSED_FUNCTION = YES;
				GCC_WARN_UNUSED_VARIABLE = YES;
				IPHONEOS_DEPLOYMENT_TARGET = 13.0;
				MTL_ENABLE_DEBUG_INFO = INCLUDE_SOURCE;
				MTL_FAST_MATH = YES;
				ONLY_ACTIVE_ARCH = YES;
				SDKROOT = iphoneos;
				SWIFT_ACTIVE_COMPILATION_CONDITIONS = DEBUG;
				SWIFT_OPTIMIZATION_LEVEL = "-Onone";
			};
			name = Debug;
		};
		D974330C23366EDB00DFB3DC /* Release */ = {
			isa = XCBuildConfiguration;
			buildSettings = {
				ALWAYS_SEARCH_USER_PATHS = NO;
				CLANG_ANALYZER_NONNULL = YES;
				CLANG_ANALYZER_NUMBER_OBJECT_CONVERSION = YES_AGGRESSIVE;
				CLANG_CXX_LANGUAGE_STANDARD = "gnu++14";
				CLANG_CXX_LIBRARY = "libc++";
				CLANG_ENABLE_MODULES = YES;
				CLANG_ENABLE_OBJC_ARC = YES;
				CLANG_ENABLE_OBJC_WEAK = YES;
				CLANG_WARN_BLOCK_CAPTURE_AUTORELEASING = YES;
				CLANG_WARN_BOOL_CONVERSION = YES;
				CLANG_WARN_COMMA = YES;
				CLANG_WARN_CONSTANT_CONVERSION = YES;
				CLANG_WARN_DEPRECATED_OBJC_IMPLEMENTATIONS = YES;
				CLANG_WARN_DIRECT_OBJC_ISA_USAGE = YES_ERROR;
				CLANG_WARN_DOCUMENTATION_COMMENTS = YES;
				CLANG_WARN_EMPTY_BODY = YES;
				CLANG_WARN_ENUM_CONVERSION = YES;
				CLANG_WARN_INFINITE_RECURSION = YES;
				CLANG_WARN_INT_CONVERSION = YES;
				CLANG_WARN_NON_LITERAL_NULL_CONVERSION = YES;
				CLANG_WARN_OBJC_IMPLICIT_RETAIN_SELF = YES;
				CLANG_WARN_OBJC_LITERAL_CONVERSION = YES;
				CLANG_WARN_OBJC_ROOT_CLASS = YES_ERROR;
				CLANG_WARN_RANGE_LOOP_ANALYSIS = YES;
				CLANG_WARN_STRICT_PROTOTYPES = YES;
				CLANG_WARN_SUSPICIOUS_MOVE = YES;
				CLANG_WARN_UNGUARDED_AVAILABILITY = YES_AGGRESSIVE;
				CLANG_WARN_UNREACHABLE_CODE = YES;
				CLANG_WARN__DUPLICATE_METHOD_MATCH = YES;
				COPY_PHASE_STRIP = NO;
				DEBUG_INFORMATION_FORMAT = "dwarf-with-dsym";
				ENABLE_NS_ASSERTIONS = NO;
				ENABLE_STRICT_OBJC_MSGSEND = YES;
				GCC_C_LANGUAGE_STANDARD = gnu11;
				GCC_NO_COMMON_BLOCKS = YES;
				GCC_WARN_64_TO_32_BIT_CONVERSION = YES;
				GCC_WARN_ABOUT_RETURN_TYPE = YES_ERROR;
				GCC_WARN_UNDECLARED_SELECTOR = YES;
				GCC_WARN_UNINITIALIZED_AUTOS = YES_AGGRESSIVE;
				GCC_WARN_UNUSED_FUNCTION = YES;
				GCC_WARN_UNUSED_VARIABLE = YES;
				IPHONEOS_DEPLOYMENT_TARGET = 13.0;
				MTL_ENABLE_DEBUG_INFO = NO;
				MTL_FAST_MATH = YES;
				SDKROOT = iphoneos;
				SWIFT_COMPILATION_MODE = wholemodule;
				SWIFT_OPTIMIZATION_LEVEL = "-O";
				VALIDATE_PRODUCT = YES;
			};
			name = Release;
		};
		D974330E23366EDB00DFB3DC /* Debug */ = {
			isa = XCBuildConfiguration;
			buildSettings = {
				ASSETCATALOG_COMPILER_APPICON_NAME = AppIcon;
				CODE_SIGN_STYLE = Automatic;
				DEVELOPMENT_TEAM = V6W9A42CK4;
				INFOPLIST_FILE = MovieApp/Info.plist;
				LD_RUNPATH_SEARCH_PATHS = (
					"$(inherited)",
					"@executable_path/Frameworks",
				);
				PRODUCT_BUNDLE_IDENTIFIER = com.project.MovieApp;
				PRODUCT_NAME = "$(TARGET_NAME)";
				SWIFT_VERSION = 5.0;
				TARGETED_DEVICE_FAMILY = "1,2";
			};
			name = Debug;
		};
		D974330F23366EDB00DFB3DC /* Release */ = {
			isa = XCBuildConfiguration;
			buildSettings = {
				ASSETCATALOG_COMPILER_APPICON_NAME = AppIcon;
				CODE_SIGN_STYLE = Automatic;
				DEVELOPMENT_TEAM = V6W9A42CK4;
				INFOPLIST_FILE = MovieApp/Info.plist;
				LD_RUNPATH_SEARCH_PATHS = (
					"$(inherited)",
					"@executable_path/Frameworks",
				);
				PRODUCT_BUNDLE_IDENTIFIER = com.project.MovieApp;
				PRODUCT_NAME = "$(TARGET_NAME)";
				SWIFT_VERSION = 5.0;
				TARGETED_DEVICE_FAMILY = "1,2";
			};
			name = Release;
		};
		D974331123366EDB00DFB3DC /* Debug */ = {
			isa = XCBuildConfiguration;
			buildSettings = {
				ALWAYS_EMBED_SWIFT_STANDARD_LIBRARIES = YES;
				BUNDLE_LOADER = "$(TEST_HOST)";
				CODE_SIGN_STYLE = Automatic;
				DEVELOPMENT_TEAM = V6W9A42CK4;
				INFOPLIST_FILE = MovieAppTests/Info.plist;
				IPHONEOS_DEPLOYMENT_TARGET = 13.0;
				LD_RUNPATH_SEARCH_PATHS = (
					"$(inherited)",
					"@executable_path/Frameworks",
					"@loader_path/Frameworks",
				);
				PRODUCT_BUNDLE_IDENTIFIER = com.project.MovieAppTests;
				PRODUCT_NAME = "$(TARGET_NAME)";
				SWIFT_VERSION = 5.0;
				TARGETED_DEVICE_FAMILY = "1,2";
				TEST_HOST = "$(BUILT_PRODUCTS_DIR)/MovieApp.app/MovieApp";
			};
			name = Debug;
		};
		D974331223366EDB00DFB3DC /* Release */ = {
			isa = XCBuildConfiguration;
			buildSettings = {
				ALWAYS_EMBED_SWIFT_STANDARD_LIBRARIES = YES;
				BUNDLE_LOADER = "$(TEST_HOST)";
				CODE_SIGN_STYLE = Automatic;
				DEVELOPMENT_TEAM = V6W9A42CK4;
				INFOPLIST_FILE = MovieAppTests/Info.plist;
				IPHONEOS_DEPLOYMENT_TARGET = 13.0;
				LD_RUNPATH_SEARCH_PATHS = (
					"$(inherited)",
					"@executable_path/Frameworks",
					"@loader_path/Frameworks",
				);
				PRODUCT_BUNDLE_IDENTIFIER = com.project.MovieAppTests;
				PRODUCT_NAME = "$(TARGET_NAME)";
				SWIFT_VERSION = 5.0;
				TARGETED_DEVICE_FAMILY = "1,2";
				TEST_HOST = "$(BUILT_PRODUCTS_DIR)/MovieApp.app/MovieApp";
			};
			name = Release;
		};
		D974331423366EDB00DFB3DC /* Debug */ = {
			isa = XCBuildConfiguration;
			buildSettings = {
				ALWAYS_EMBED_SWIFT_STANDARD_LIBRARIES = YES;
				CODE_SIGN_STYLE = Automatic;
				DEVELOPMENT_TEAM = V6W9A42CK4;
				INFOPLIST_FILE = MovieAppUITests/Info.plist;
				LD_RUNPATH_SEARCH_PATHS = (
					"$(inherited)",
					"@executable_path/Frameworks",
					"@loader_path/Frameworks",
				);
				PRODUCT_BUNDLE_IDENTIFIER = com.project.MovieAppUITests;
				PRODUCT_NAME = "$(TARGET_NAME)";
				SWIFT_VERSION = 5.0;
				TARGETED_DEVICE_FAMILY = "1,2";
				TEST_TARGET_NAME = MovieApp;
			};
			name = Debug;
		};
		D974331523366EDB00DFB3DC /* Release */ = {
			isa = XCBuildConfiguration;
			buildSettings = {
				ALWAYS_EMBED_SWIFT_STANDARD_LIBRARIES = YES;
				CODE_SIGN_STYLE = Automatic;
				DEVELOPMENT_TEAM = V6W9A42CK4;
				INFOPLIST_FILE = MovieAppUITests/Info.plist;
				LD_RUNPATH_SEARCH_PATHS = (
					"$(inherited)",
					"@executable_path/Frameworks",
					"@loader_path/Frameworks",
				);
				PRODUCT_BUNDLE_IDENTIFIER = com.project.MovieAppUITests;
				PRODUCT_NAME = "$(TARGET_NAME)";
				SWIFT_VERSION = 5.0;
				TARGETED_DEVICE_FAMILY = "1,2";
				TEST_TARGET_NAME = MovieApp;
			};
			name = Release;
		};
/* End XCBuildConfiguration section */

/* Begin XCConfigurationList section */
		D97432DB23366ED800DFB3DC /* Build configuration list for PBXProject "MovieApp" */ = {
			isa = XCConfigurationList;
			buildConfigurations = (
				D974330B23366EDB00DFB3DC /* Debug */,
				D974330C23366EDB00DFB3DC /* Release */,
			);
			defaultConfigurationIsVisible = 0;
			defaultConfigurationName = Release;
		};
		D974330D23366EDB00DFB3DC /* Build configuration list for PBXNativeTarget "MovieApp" */ = {
			isa = XCConfigurationList;
			buildConfigurations = (
				D974330E23366EDB00DFB3DC /* Debug */,
				D974330F23366EDB00DFB3DC /* Release */,
			);
			defaultConfigurationIsVisible = 0;
			defaultConfigurationName = Release;
		};
		D974331023366EDB00DFB3DC /* Build configuration list for PBXNativeTarget "MovieAppTests" */ = {
			isa = XCConfigurationList;
			buildConfigurations = (
				D974331123366EDB00DFB3DC /* Debug */,
				D974331223366EDB00DFB3DC /* Release */,
			);
			defaultConfigurationIsVisible = 0;
			defaultConfigurationName = Release;
		};
		D974331323366EDB00DFB3DC /* Build configuration list for PBXNativeTarget "MovieAppUITests" */ = {
			isa = XCConfigurationList;
			buildConfigurations = (
				D974331423366EDB00DFB3DC /* Debug */,
				D974331523366EDB00DFB3DC /* Release */,
			);
			defaultConfigurationIsVisible = 0;
			defaultConfigurationName = Release;
		};
/* End XCConfigurationList section */

/* Begin XCVersionGroup section */
		D97432EC23366ED800DFB3DC /* MovieApp.xcdatamodeld */ = {
			isa = XCVersionGroup;
			children = (
				D97432ED23366ED800DFB3DC /* MovieApp.xcdatamodel */,
			);
			currentVersion = D97432ED23366ED800DFB3DC /* MovieApp.xcdatamodel */;
			path = MovieApp.xcdatamodeld;
			sourceTree = "<group>";
			versionGroupType = wrapper.xcdatamodel;
		};
/* End XCVersionGroup section */
	};
	rootObject = D97432D823366ED800DFB3DC /* Project object */;
}
